
Microsoft Visual Studio Solution File, Format Version 12.00
# Visual Studio Version 17
VisualStudioVersion = 17.4.33205.214
MinimumVisualStudioVersion = 10.0.40219.1
Project("{9A19103F-16F7-4668-BE54-9A1E7A4F7556}") = "SpcMongo.Domain", "src\SpcMongo.Domain\SpcMongo.Domain.csproj", "{554AD327-6DBA-4F8F-96F8-81CE7A0C863F}"
EndProject
Project("{9A19103F-16F7-4668-BE54-9A1E7A4F7556}") = "SpcMongo.Application", "src\SpcMongo.Application\SpcMongo.Application.csproj", "{1A94A50E-06DC-43C1-80B5-B662820EC3EB}"
EndProject
Project("{2150E333-8FDC-42A3-9474-1A3956D46DE8}") = "src", "src", "{CA9AC87F-097E-4F15-8393-4BC07735A5B0}"
EndProject
Project("{2150E333-8FDC-42A3-9474-1A3956D46DE8}") = "test", "test", "{04DBDB01-70F4-4E06-B468-8F87850B22BE}"
EndProject
Project("{9A19103F-16F7-4668-BE54-9A1E7A4F7556}") = "SpcMongo.Application.Tests", "test\SpcMongo.Application.Tests\SpcMongo.Application.Tests.csproj", "{50B2631D-129C-47B3-A587-029CCD6099BC}"
EndProject
Project("{9A19103F-16F7-4668-BE54-9A1E7A4F7556}") = "SpcMongo.MongoDB", "src\SpcMongo.MongoDB\SpcMongo.MongoDB.csproj", "{E3444355-D47E-431E-BDD0-DD3A7113B2AE}"
EndProject
Project("{9A19103F-16F7-4668-BE54-9A1E7A4F7556}") = "SpcMongo.Domain.Shared", "src\SpcMongo.Domain.Shared\SpcMongo.Domain.Shared.csproj", "{42F719ED-8413-4895-B5B4-5AB56079BC66}"
EndProject
Project("{9A19103F-16F7-4668-BE54-9A1E7A4F7556}") = "SpcMongo.Application.Contracts", "src\SpcMongo.Application.Contracts\SpcMongo.Application.Contracts.csproj", "{520659C8-C734-4298-A3DA-B539DB9DFC0B}"
EndProject
Project("{9A19103F-16F7-4668-BE54-9A1E7A4F7556}") = "SpcMongo.HttpApi", "src\SpcMongo.HttpApi\SpcMongo.HttpApi.csproj", "{4164BDF7-F527-4E85-9CE6-E3C2D7426A27}"
EndProject
Project("{9A19103F-16F7-4668-BE54-9A1E7A4F7556}") = "SpcMongo.HttpApi.Client", "src\SpcMongo.HttpApi.Client\SpcMongo.HttpApi.Client.csproj", "{3B5A0094-670D-4BB1-BFDD-61B88A8773DC}"
EndProject
Project("{9A19103F-16F7-4668-BE54-9A1E7A4F7556}") = "SpcMongo.TestBase", "test\SpcMongo.TestBase\SpcMongo.TestBase.csproj", "{91853F21-9CD9-4132-BC29-A7D5D84FFFE7}"
EndProject
Project("{9A19103F-16F7-4668-BE54-9A1E7A4F7556}") = "SpcMongo.Domain.Tests", "test\SpcMongo.Domain.Tests\SpcMongo.Domain.Tests.csproj", "{E512F4D9-9375-480F-A2F6-A46509F9D824}"
EndProject
Project("{9A19103F-16F7-4668-BE54-9A1E7A4F7556}") = "SpcMongo.MongoDB.Tests", "test\SpcMongo.MongoDB.Tests\SpcMongo.MongoDB.Tests.csproj", "{6015D17B-104B-4EC2-A9B7-D8A40C891458}"
EndProject
Project("{9A19103F-16F7-4668-BE54-9A1E7A4F7556}") = "SpcMongo.HttpApi.Client.ConsoleTestApp", "test\SpcMongo.HttpApi.Client.ConsoleTestApp\SpcMongo.HttpApi.Client.ConsoleTestApp.csproj", "{EF480016-9127-4916-8735-D2466BDBC582}"
EndProject
Project("{9A19103F-16F7-4668-BE54-9A1E7A4F7556}") = "SpcMongo.DbMigrator", "src\SpcMongo.DbMigrator\SpcMongo.DbMigrator.csproj", "{AA94D832-1CCC-4715-95A9-A483F23A1A5D}"
EndProject
Project("{9A19103F-16F7-4668-BE54-9A1E7A4F7556}") = "SpcMongo.Blazor", "src\SpcMongo.Blazor\SpcMongo.Blazor.csproj", "{16F0BF4E-7D73-4278-8D9A-7CDE37105C6B}"
EndProject
Project("{2150E333-8FDC-42A3-9474-1A3956D46DE8}") = "client", "client", "{C002ABD1-60EE-494F-82E3-7A7FDDB60D22}"
EndProject
Project("{2150E333-8FDC-42A3-9474-1A3956D46DE8}") = "device", "device", "{E5441F65-C28D-4EB3-95FC-EDA41F27F2DA}"
EndProject
Project("{2150E333-8FDC-42A3-9474-1A3956D46DE8}") = "messenger", "messenger", "{D0EC61C4-3765-426D-9FBC-EED4E3072FDE}"
EndProject
Project("{2150E333-8FDC-42A3-9474-1A3956D46DE8}") = "drivers", "drivers", "{B9347381-D8FE-4D9C-B6AB-4E50F750298E}"
EndProject
Project("{2150E333-8FDC-42A3-9474-1A3956D46DE8}") = "device", "device", "{219EA049-5E5E-4C7D-805D-BE6645D3254F}"
EndProject
Project("{9A19103F-16F7-4668-BE54-9A1E7A4F7556}") = "Device.Interface", "drivers\Device\Device.Interface\Device.Interface.csproj", "{70CF8838-F176-485C-AC65-46D5C3D68ABA}"
EndProject
Project("{9A19103F-16F7-4668-BE54-9A1E7A4F7556}") = "Device.Share", "drivers\Device\Device.Share\Device.Share.csproj", "{DE66FDF1-B8DD-4379-8024-D26C318882A9}"
EndProject
Project("{9A19103F-16F7-4668-BE54-9A1E7A4F7556}") = "Device.TiScannerNano", "drivers\Device\Device.TiScannerNano\Device.TiScannerNano.csproj", "{21A5980F-ABF8-42E5-92ED-D451842399DB}"
EndProject
Project("{2150E333-8FDC-42A3-9474-1A3956D46DE8}") = "share", "share", "{B1A59813-D865-445F-BAA8-C5A7B0E98046}"
EndProject
Project("{9A19103F-16F7-4668-BE54-9A1E7A4F7556}") = "GPIOControl", "client\GPIOControl\GPIOControl.csproj", "{E7836238-9387-441A-8502-1D8D28C888DC}"
EndProject
Project("{9A19103F-16F7-4668-BE54-9A1E7A4F7556}") = "Share.Interface", "drivers\Share\Share.Interface\Share.Interface.csproj", "{0F0534F6-83C0-4788-A284-85C3487AEABB}"
EndProject
Global
	GlobalSection(SolutionConfigurationPlatforms) = preSolution
		Debug|Any CPU = Debug|Any CPU
		Release|Any CPU = Release|Any CPU
	EndGlobalSection
	GlobalSection(ProjectConfigurationPlatforms) = postSolution
		{554AD327-6DBA-4F8F-96F8-81CE7A0C863F}.Debug|Any CPU.ActiveCfg = Debug|Any CPU
		{554AD327-6DBA-4F8F-96F8-81CE7A0C863F}.Debug|Any CPU.Build.0 = Debug|Any CPU
		{554AD327-6DBA-4F8F-96F8-81CE7A0C863F}.Release|Any CPU.ActiveCfg = Release|Any CPU
		{554AD327-6DBA-4F8F-96F8-81CE7A0C863F}.Release|Any CPU.Build.0 = Release|Any CPU
		{1A94A50E-06DC-43C1-80B5-B662820EC3EB}.Debug|Any CPU.ActiveCfg = Debug|Any CPU
		{1A94A50E-06DC-43C1-80B5-B662820EC3EB}.Debug|Any CPU.Build.0 = Debug|Any CPU
		{1A94A50E-06DC-43C1-80B5-B662820EC3EB}.Release|Any CPU.ActiveCfg = Release|Any CPU
		{1A94A50E-06DC-43C1-80B5-B662820EC3EB}.Release|Any CPU.Build.0 = Release|Any CPU
		{50B2631D-129C-47B3-A587-029CCD6099BC}.Debug|Any CPU.ActiveCfg = Debug|Any CPU
		{50B2631D-129C-47B3-A587-029CCD6099BC}.Debug|Any CPU.Build.0 = Debug|Any CPU
		{50B2631D-129C-47B3-A587-029CCD6099BC}.Release|Any CPU.ActiveCfg = Release|Any CPU
		{50B2631D-129C-47B3-A587-029CCD6099BC}.Release|Any CPU.Build.0 = Release|Any CPU
		{E3444355-D47E-431E-BDD0-DD3A7113B2AE}.Debug|Any CPU.ActiveCfg = Debug|Any CPU
		{E3444355-D47E-431E-BDD0-DD3A7113B2AE}.Debug|Any CPU.Build.0 = Debug|Any CPU
		{E3444355-D47E-431E-BDD0-DD3A7113B2AE}.Release|Any CPU.ActiveCfg = Release|Any CPU
		{E3444355-D47E-431E-BDD0-DD3A7113B2AE}.Release|Any CPU.Build.0 = Release|Any CPU
		{42F719ED-8413-4895-B5B4-5AB56079BC66}.Debug|Any CPU.ActiveCfg = Debug|Any CPU
		{42F719ED-8413-4895-B5B4-5AB56079BC66}.Debug|Any CPU.Build.0 = Debug|Any CPU
		{42F719ED-8413-4895-B5B4-5AB56079BC66}.Release|Any CPU.ActiveCfg = Release|Any CPU
		{42F719ED-8413-4895-B5B4-5AB56079BC66}.Release|Any CPU.Build.0 = Release|Any CPU
		{520659C8-C734-4298-A3DA-B539DB9DFC0B}.Debug|Any CPU.ActiveCfg = Debug|Any CPU
		{520659C8-C734-4298-A3DA-B539DB9DFC0B}.Debug|Any CPU.Build.0 = Debug|Any CPU
		{520659C8-C734-4298-A3DA-B539DB9DFC0B}.Release|Any CPU.ActiveCfg = Release|Any CPU
		{520659C8-C734-4298-A3DA-B539DB9DFC0B}.Release|Any CPU.Build.0 = Release|Any CPU
		{4164BDF7-F527-4E85-9CE6-E3C2D7426A27}.Debug|Any CPU.ActiveCfg = Debug|Any CPU
		{4164BDF7-F527-4E85-9CE6-E3C2D7426A27}.Debug|Any CPU.Build.0 = Debug|Any CPU
		{4164BDF7-F527-4E85-9CE6-E3C2D7426A27}.Release|Any CPU.ActiveCfg = Release|Any CPU
		{4164BDF7-F527-4E85-9CE6-E3C2D7426A27}.Release|Any CPU.Build.0 = Release|Any CPU
		{3B5A0094-670D-4BB1-BFDD-61B88A8773DC}.Debug|Any CPU.ActiveCfg = Debug|Any CPU
		{3B5A0094-670D-4BB1-BFDD-61B88A8773DC}.Debug|Any CPU.Build.0 = Debug|Any CPU
		{3B5A0094-670D-4BB1-BFDD-61B88A8773DC}.Release|Any CPU.ActiveCfg = Release|Any CPU
		{3B5A0094-670D-4BB1-BFDD-61B88A8773DC}.Release|Any CPU.Build.0 = Release|Any CPU
		{91853F21-9CD9-4132-BC29-A7D5D84FFFE7}.Debug|Any CPU.ActiveCfg = Debug|Any CPU
		{91853F21-9CD9-4132-BC29-A7D5D84FFFE7}.Debug|Any CPU.Build.0 = Debug|Any CPU
		{91853F21-9CD9-4132-BC29-A7D5D84FFFE7}.Release|Any CPU.ActiveCfg = Release|Any CPU
		{91853F21-9CD9-4132-BC29-A7D5D84FFFE7}.Release|Any CPU.Build.0 = Release|Any CPU
		{E512F4D9-9375-480F-A2F6-A46509F9D824}.Debug|Any CPU.ActiveCfg = Debug|Any CPU
		{E512F4D9-9375-480F-A2F6-A46509F9D824}.Debug|Any CPU.Build.0 = Debug|Any CPU
		{E512F4D9-9375-480F-A2F6-A46509F9D824}.Release|Any CPU.ActiveCfg = Release|Any CPU
		{E512F4D9-9375-480F-A2F6-A46509F9D824}.Release|Any CPU.Build.0 = Release|Any CPU
		{6015D17B-104B-4EC2-A9B7-D8A40C891458}.Debug|Any CPU.ActiveCfg = Debug|Any CPU
		{6015D17B-104B-4EC2-A9B7-D8A40C891458}.Debug|Any CPU.Build.0 = Debug|Any CPU
		{6015D17B-104B-4EC2-A9B7-D8A40C891458}.Release|Any CPU.ActiveCfg = Release|Any CPU
		{6015D17B-104B-4EC2-A9B7-D8A40C891458}.Release|Any CPU.Build.0 = Release|Any CPU
		{EF480016-9127-4916-8735-D2466BDBC582}.Debug|Any CPU.ActiveCfg = Debug|Any CPU
		{EF480016-9127-4916-8735-D2466BDBC582}.Debug|Any CPU.Build.0 = Debug|Any CPU
		{EF480016-9127-4916-8735-D2466BDBC582}.Release|Any CPU.ActiveCfg = Release|Any CPU
		{EF480016-9127-4916-8735-D2466BDBC582}.Release|Any CPU.Build.0 = Release|Any CPU
		{AA94D832-1CCC-4715-95A9-A483F23A1A5D}.Debug|Any CPU.ActiveCfg = Debug|Any CPU
		{AA94D832-1CCC-4715-95A9-A483F23A1A5D}.Debug|Any CPU.Build.0 = Debug|Any CPU
		{AA94D832-1CCC-4715-95A9-A483F23A1A5D}.Release|Any CPU.ActiveCfg = Release|Any CPU
		{AA94D832-1CCC-4715-95A9-A483F23A1A5D}.Release|Any CPU.Build.0 = Release|Any CPU
		{16F0BF4E-7D73-4278-8D9A-7CDE37105C6B}.Debug|Any CPU.ActiveCfg = Debug|Any CPU
		{16F0BF4E-7D73-4278-8D9A-7CDE37105C6B}.Debug|Any CPU.Build.0 = Debug|Any CPU
		{16F0BF4E-7D73-4278-8D9A-7CDE37105C6B}.Release|Any CPU.ActiveCfg = Release|Any CPU
		{16F0BF4E-7D73-4278-8D9A-7CDE37105C6B}.Release|Any CPU.Build.0 = Release|Any CPU
		{70CF8838-F176-485C-AC65-46D5C3D68ABA}.Debug|Any CPU.ActiveCfg = Debug|Any CPU
		{70CF8838-F176-485C-AC65-46D5C3D68ABA}.Debug|Any CPU.Build.0 = Debug|Any CPU
		{70CF8838-F176-485C-AC65-46D5C3D68ABA}.Release|Any CPU.ActiveCfg = Release|Any CPU
		{70CF8838-F176-485C-AC65-46D5C3D68ABA}.Release|Any CPU.Build.0 = Release|Any CPU
		{DE66FDF1-B8DD-4379-8024-D26C318882A9}.Debug|Any CPU.ActiveCfg = Debug|Any CPU
		{DE66FDF1-B8DD-4379-8024-D26C318882A9}.Debug|Any CPU.Build.0 = Debug|Any CPU
		{DE66FDF1-B8DD-4379-8024-D26C318882A9}.Release|Any CPU.ActiveCfg = Release|Any CPU
		{DE66FDF1-B8DD-4379-8024-D26C318882A9}.Release|Any CPU.Build.0 = Release|Any CPU
		{21A5980F-ABF8-42E5-92ED-D451842399DB}.Debug|Any CPU.ActiveCfg = Debug|Any CPU
		{21A5980F-ABF8-42E5-92ED-D451842399DB}.Debug|Any CPU.Build.0 = Debug|Any CPU
		{21A5980F-ABF8-42E5-92ED-D451842399DB}.Release|Any CPU.ActiveCfg = Release|Any CPU
		{21A5980F-ABF8-42E5-92ED-D451842399DB}.Release|Any CPU.Build.0 = Release|Any CPU
		{E7836238-9387-441A-8502-1D8D28C888DC}.Debug|Any CPU.ActiveCfg = Debug|Any CPU
		{E7836238-9387-441A-8502-1D8D28C888DC}.Debug|Any CPU.Build.0 = Debug|Any CPU
		{E7836238-9387-441A-8502-1D8D28C888DC}.Release|Any CPU.ActiveCfg = Release|Any CPU
		{E7836238-9387-441A-8502-1D8D28C888DC}.Release|Any CPU.Build.0 = Release|Any CPU
		{0F0534F6-83C0-4788-A284-85C3487AEABB}.Debug|Any CPU.ActiveCfg = Debug|Any CPU
		{0F0534F6-83C0-4788-A284-85C3487AEABB}.Debug|Any CPU.Build.0 = Debug|Any CPU
		{0F0534F6-83C0-4788-A284-85C3487AEABB}.Release|Any CPU.ActiveCfg = Release|Any CPU
		{0F0534F6-83C0-4788-A284-85C3487AEABB}.Release|Any CPU.Build.0 = Release|Any CPU
	EndGlobalSection
	GlobalSection(SolutionProperties) = preSolution
		HideSolutionNode = FALSE
	EndGlobalSection
	GlobalSection(NestedProjects) = preSolution
		{554AD327-6DBA-4F8F-96F8-81CE7A0C863F} = {CA9AC87F-097E-4F15-8393-4BC07735A5B0}
		{1A94A50E-06DC-43C1-80B5-B662820EC3EB} = {CA9AC87F-097E-4F15-8393-4BC07735A5B0}
		{50B2631D-129C-47B3-A587-029CCD6099BC} = {04DBDB01-70F4-4E06-B468-8F87850B22BE}
		{E3444355-D47E-431E-BDD0-DD3A7113B2AE} = {CA9AC87F-097E-4F15-8393-4BC07735A5B0}
		{42F719ED-8413-4895-B5B4-5AB56079BC66} = {CA9AC87F-097E-4F15-8393-4BC07735A5B0}
		{520659C8-C734-4298-A3DA-B539DB9DFC0B} = {CA9AC87F-097E-4F15-8393-4BC07735A5B0}
		{4164BDF7-F527-4E85-9CE6-E3C2D7426A27} = {CA9AC87F-097E-4F15-8393-4BC07735A5B0}
		{3B5A0094-670D-4BB1-BFDD-61B88A8773DC} = {CA9AC87F-097E-4F15-8393-4BC07735A5B0}
		{91853F21-9CD9-4132-BC29-A7D5D84FFFE7} = {04DBDB01-70F4-4E06-B468-8F87850B22BE}
		{E512F4D9-9375-480F-A2F6-A46509F9D824} = {04DBDB01-70F4-4E06-B468-8F87850B22BE}
		{6015D17B-104B-4EC2-A9B7-D8A40C891458} = {04DBDB01-70F4-4E06-B468-8F87850B22BE}
		{EF480016-9127-4916-8735-D2466BDBC582} = {04DBDB01-70F4-4E06-B468-8F87850B22BE}
		{AA94D832-1CCC-4715-95A9-A483F23A1A5D} = {CA9AC87F-097E-4F15-8393-4BC07735A5B0}
		{16F0BF4E-7D73-4278-8D9A-7CDE37105C6B} = {CA9AC87F-097E-4F15-8393-4BC07735A5B0}
		{E5441F65-C28D-4EB3-95FC-EDA41F27F2DA} = {C002ABD1-60EE-494F-82E3-7A7FDDB60D22}
		{D0EC61C4-3765-426D-9FBC-EED4E3072FDE} = {C002ABD1-60EE-494F-82E3-7A7FDDB60D22}
		{219EA049-5E5E-4C7D-805D-BE6645D3254F} = {B9347381-D8FE-4D9C-B6AB-4E50F750298E}
		{70CF8838-F176-485C-AC65-46D5C3D68ABA} = {219EA049-5E5E-4C7D-805D-BE6645D3254F}
		{DE66FDF1-B8DD-4379-8024-D26C318882A9} = {219EA049-5E5E-4C7D-805D-BE6645D3254F}
		{21A5980F-ABF8-42E5-92ED-D451842399DB} = {219EA049-5E5E-4C7D-805D-BE6645D3254F}
		{B1A59813-D865-445F-BAA8-C5A7B0E98046} = {B9347381-D8FE-4D9C-B6AB-4E50F750298E}
		{E7836238-9387-441A-8502-1D8D28C888DC} = {E5441F65-C28D-4EB3-95FC-EDA41F27F2DA}
		{0F0534F6-83C0-4788-A284-85C3487AEABB} = {B1A59813-D865-445F-BAA8-C5A7B0E98046}
	EndGlobalSection
	GlobalSection(ExtensibilityGlobals) = postSolution
		SolutionGuid = {28315BFD-90E7-4E14-A2EA-F3D23AF4126F}
	EndGlobalSection
EndGlobal
